// !$*UTF8*$!
{
	archiveVersion = 1;
	classes = {
	};
	objectVersion = 50;
	objects = {

/* Begin PBXBuildFile section */
		BF39DF9F2915013200BCB772 /* globals.m in Sources */ = {isa = PBXBuildFile; fileRef = BF39DF9E2915013200BCB772 /* globals.m */; };
		BF3BF4D926F7051C000FC40D /* Scripts in Resources */ = {isa = PBXBuildFile; fileRef = BF8CF64E26F64DCC00D396FD /* Scripts */; };
		BF8CF63D26F61F0300D396FD /* AppDelegate.m in Sources */ = {isa = PBXBuildFile; fileRef = BF8CF63C26F61F0300D396FD /* AppDelegate.m */; };
		BF8CF63F26F61F0400D396FD /* Assets.xcassets in Resources */ = {isa = PBXBuildFile; fileRef = BF8CF63E26F61F0400D396FD /* Assets.xcassets */; };
		BF8CF64226F61F0400D396FD /* MainMenu.xib in Resources */ = {isa = PBXBuildFile; fileRef = BF8CF64026F61F0400D396FD /* MainMenu.xib */; };
		BF8CF64526F61F0400D396FD /* main.m in Sources */ = {isa = PBXBuildFile; fileRef = BF8CF64426F61F0400D396FD /* main.m */; };
		BFD784AC2888B1B200371155 /* app.m in Sources */ = {isa = PBXBuildFile; fileRef = BFD784A92888B1B200371155 /* app.m */; };
		BFD784AD2888B1B200371155 /* helperLib.m in Sources */ = {isa = PBXBuildFile; fileRef = BFD784AA2888B1B200371155 /* helperLib.m */; };
/* End PBXBuildFile section */

/* Begin PBXFileReference section */
		BF39DF9D2915013200BCB772 /* globals.h */ = {isa = PBXFileReference; fileEncoding = 4; lastKnownFileType = sourcecode.c.h; path = globals.h; sourceTree = "<group>"; };
		BF39DF9E2915013200BCB772 /* globals.m */ = {isa = PBXFileReference; fileEncoding = 4; lastKnownFileType = sourcecode.c.objc; path = globals.m; sourceTree = "<group>"; };
		BF8CF63826F61F0300D396FD /* screenhook.app */ = {isa = PBXFileReference; explicitFileType = wrapper.application; includeInIndex = 0; path = screenhook.app; sourceTree = BUILT_PRODUCTS_DIR; };
		BF8CF63B26F61F0300D396FD /* AppDelegate.h */ = {isa = PBXFileReference; lastKnownFileType = sourcecode.c.h; path = AppDelegate.h; sourceTree = "<group>"; };
		BF8CF63C26F61F0300D396FD /* AppDelegate.m */ = {isa = PBXFileReference; lastKnownFileType = sourcecode.c.objc; path = AppDelegate.m; sourceTree = "<group>"; };
		BF8CF63E26F61F0400D396FD /* Assets.xcassets */ = {isa = PBXFileReference; lastKnownFileType = folder.assetcatalog; path = Assets.xcassets; sourceTree = "<group>"; };
		BF8CF64126F61F0400D396FD /* Base */ = {isa = PBXFileReference; lastKnownFileType = file.xib; name = Base; path = Base.lproj/MainMenu.xib; sourceTree = "<group>"; };
		BF8CF64326F61F0400D396FD /* Info.plist */ = {isa = PBXFileReference; lastKnownFileType = text.plist.xml; path = Info.plist; sourceTree = "<group>"; };
		BF8CF64426F61F0400D396FD /* main.m */ = {isa = PBXFileReference; lastKnownFileType = sourcecode.c.objc; path = main.m; sourceTree = "<group>"; };
		BF8CF64626F61F0400D396FD /* screenhook.entitlements */ = {isa = PBXFileReference; lastKnownFileType = text.plist.entitlements; path = screenhook.entitlements; sourceTree = "<group>"; };
		BF8CF64E26F64DCC00D396FD /* Scripts */ = {isa = PBXFileReference; lastKnownFileType = folder; path = Scripts; sourceTree = "<group>"; };
		BFD784A82888B1B200371155 /* app.h */ = {isa = PBXFileReference; fileEncoding = 4; lastKnownFileType = sourcecode.c.h; name = app.h; path = ../src/app.h; sourceTree = "<group>"; };
		BFD784A92888B1B200371155 /* app.m */ = {isa = PBXFileReference; fileEncoding = 4; lastKnownFileType = sourcecode.c.objc; name = app.m; path = ../src/app.m; sourceTree = "<group>"; };
		BFD784AA2888B1B200371155 /* helperLib.m */ = {isa = PBXFileReference; fileEncoding = 4; lastKnownFileType = sourcecode.c.objc; name = helperLib.m; path = ../src/helperLib.m; sourceTree = "<group>"; };
		BFD784AB2888B1B200371155 /* helperLib.h */ = {isa = PBXFileReference; fileEncoding = 4; lastKnownFileType = sourcecode.c.h; name = helperLib.h; path = ../src/helperLib.h; sourceTree = "<group>"; };
/* End PBXFileReference section */

/* Begin PBXFrameworksBuildPhase section */
		BF8CF63526F61F0300D396FD /* Frameworks */ = {
			isa = PBXFrameworksBuildPhase;
			buildActionMask = 2147483647;
			files = (
			);
			runOnlyForDeploymentPostprocessing = 0;
		};
/* End PBXFrameworksBuildPhase section */

/* Begin PBXGroup section */
		BF39DF9C2915010200BCB772 /* src */ = {
			isa = PBXGroup;
			children = (
				BFD784A82888B1B200371155 /* app.h */,
				BFD784A92888B1B200371155 /* app.m */,
				BFD784AB2888B1B200371155 /* helperLib.h */,
				BFD784AA2888B1B200371155 /* helperLib.m */,
				BF39DF9D2915013200BCB772 /* globals.h */,
				BF39DF9E2915013200BCB772 /* globals.m */,
			);
			path = src;
			sourceTree = "<group>";
		};
		BF8CF62F26F61F0300D396FD = {
			isa = PBXGroup;
			children = (
				BF8CF63A26F61F0300D396FD /* screenhook */,
				BF8CF63926F61F0300D396FD /* Products */,
			);
			sourceTree = "<group>";
		};
		BF8CF63926F61F0300D396FD /* Products */ = {
			isa = PBXGroup;
			children = (
				BF8CF63826F61F0300D396FD /* screenhook.app */,
			);
			name = Products;
			sourceTree = "<group>";
		};
		BF8CF63A26F61F0300D396FD /* screenhook */ = {
			isa = PBXGroup;
			children = (
				BF8CF64E26F64DCC00D396FD /* Scripts */,
				BF39DF9C2915010200BCB772 /* src */,
				BF8CF63B26F61F0300D396FD /* AppDelegate.h */,
				BF8CF63C26F61F0300D396FD /* AppDelegate.m */,
				BF8CF63E26F61F0400D396FD /* Assets.xcassets */,
				BF8CF64026F61F0400D396FD /* MainMenu.xib */,
				BF8CF64326F61F0400D396FD /* Info.plist */,
				BF8CF64426F61F0400D396FD /* main.m */,
				BF8CF64626F61F0400D396FD /* screenhook.entitlements */,
			);
			path = screenhook;
			sourceTree = "<group>";
		};
/* End PBXGroup section */

/* Begin PBXNativeTarget section */
		BF8CF63726F61F0300D396FD /* screenhook */ = {
			isa = PBXNativeTarget;
			buildConfigurationList = BF8CF64926F61F0400D396FD /* Build configuration list for PBXNativeTarget "screenhook" */;
			buildPhases = (
				BF8CF63426F61F0300D396FD /* Sources */,
				BF8CF63526F61F0300D396FD /* Frameworks */,
				BF8CF63626F61F0300D396FD /* Resources */,
			);
			buildRules = (
			);
			dependencies = (
			);
			name = screenhook;
			productName = screenhook;
			productReference = BF8CF63826F61F0300D396FD /* screenhook.app */;
			productType = "com.apple.product-type.application";
		};
/* End PBXNativeTarget section */

/* Begin PBXProject section */
		BF8CF63026F61F0300D396FD /* Project object */ = {
			isa = PBXProject;
			attributes = {
				KnownAssetTags = (
					New,
				);
				LastUpgradeCheck = 1300;
				TargetAttributes = {
					BF8CF63726F61F0300D396FD = {
						CreatedOnToolsVersion = 12.5.1;
					};
				};
			};
			buildConfigurationList = BF8CF63326F61F0300D396FD /* Build configuration list for PBXProject "screenhook" */;
			compatibilityVersion = "Xcode 9.3";
			developmentRegion = en;
			hasScannedForEncodings = 0;
			knownRegions = (
				en,
				Base,
			);
			mainGroup = BF8CF62F26F61F0300D396FD;
			productRefGroup = BF8CF63926F61F0300D396FD /* Products */;
			projectDirPath = "";
			projectRoot = "";
			targets = (
				BF8CF63726F61F0300D396FD /* screenhook */,
			);
		};
/* End PBXProject section */

/* Begin PBXResourcesBuildPhase section */
		BF8CF63626F61F0300D396FD /* Resources */ = {
			isa = PBXResourcesBuildPhase;
			buildActionMask = 2147483647;
			files = (
				BF3BF4D926F7051C000FC40D /* Scripts in Resources */,
				BF8CF63F26F61F0400D396FD /* Assets.xcassets in Resources */,
				BF8CF64226F61F0400D396FD /* MainMenu.xib in Resources */,
			);
			runOnlyForDeploymentPostprocessing = 0;
		};
/* End PBXResourcesBuildPhase section */

/* Begin PBXSourcesBuildPhase section */
		BF8CF63426F61F0300D396FD /* Sources */ = {
			isa = PBXSourcesBuildPhase;
			buildActionMask = 2147483647;
			files = (
				BF8CF64526F61F0400D396FD /* main.m in Sources */,
				BF39DF9F2915013200BCB772 /* globals.m in Sources */,
				BFD784AC2888B1B200371155 /* app.m in Sources */,
				BF8CF63D26F61F0300D396FD /* AppDelegate.m in Sources */,
				BFD784AD2888B1B200371155 /* helperLib.m in Sources */,
			);
			runOnlyForDeploymentPostprocessing = 0;
		};
/* End PBXSourcesBuildPhase section */

/* Begin PBXVariantGroup section */
		BF8CF64026F61F0400D396FD /* MainMenu.xib */ = {
			isa = PBXVariantGroup;
			children = (
				BF8CF64126F61F0400D396FD /* Base */,
			);
			name = MainMenu.xib;
			sourceTree = "<group>";
		};
/* End PBXVariantGroup section */

/* Begin XCBuildConfiguration section */
		BF8CF64726F61F0400D396FD /* Debug */ = {
			isa = XCBuildConfiguration;
			buildSettings = {
				ALWAYS_SEARCH_USER_PATHS = NO;
				CLANG_ANALYZER_NONNULL = YES;
				CLANG_ANALYZER_NUMBER_OBJECT_CONVERSION = YES_AGGRESSIVE;
				CLANG_CXX_LANGUAGE_STANDARD = "gnu++14";
				CLANG_CXX_LIBRARY = "libc++";
				CLANG_ENABLE_MODULES = YES;
				CLANG_ENABLE_OBJC_ARC = YES;
				CLANG_ENABLE_OBJC_WEAK = YES;
				CLANG_WARN_BLOCK_CAPTURE_AUTORELEASING = YES;
				CLANG_WARN_BOOL_CONVERSION = YES;
				CLANG_WARN_COMMA = YES;
				CLANG_WARN_CONSTANT_CONVERSION = YES;
				CLANG_WARN_DEPRECATED_OBJC_IMPLEMENTATIONS = YES;
				CLANG_WARN_DIRECT_OBJC_ISA_USAGE = YES_ERROR;
				CLANG_WARN_DOCUMENTATION_COMMENTS = YES;
				CLANG_WARN_EMPTY_BODY = YES;
				CLANG_WARN_ENUM_CONVERSION = YES;
				CLANG_WARN_INFINITE_RECURSION = YES;
				CLANG_WARN_INT_CONVERSION = YES;
				CLANG_WARN_NON_LITERAL_NULL_CONVERSION = YES;
				CLANG_WARN_OBJC_IMPLICIT_RETAIN_SELF = YES;
				CLANG_WARN_OBJC_LITERAL_CONVERSION = YES;
				CLANG_WARN_OBJC_ROOT_CLASS = YES_ERROR;
				CLANG_WARN_QUOTED_INCLUDE_IN_FRAMEWORK_HEADER = YES;
				CLANG_WARN_RANGE_LOOP_ANALYSIS = YES;
				CLANG_WARN_STRICT_PROTOTYPES = YES;
				CLANG_WARN_SUSPICIOUS_MOVE = YES;
				CLANG_WARN_UNGUARDED_AVAILABILITY = YES_AGGRESSIVE;
				CLANG_WARN_UNREACHABLE_CODE = YES;
				CLANG_WARN__DUPLICATE_METHOD_MATCH = YES;
				COPY_PHASE_STRIP = NO;
				DEBUG_INFORMATION_FORMAT = dwarf;
				ENABLE_STRICT_OBJC_MSGSEND = YES;
				ENABLE_TESTABILITY = YES;
				GCC_C_LANGUAGE_STANDARD = gnu11;
				GCC_DYNAMIC_NO_PIC = NO;
				GCC_NO_COMMON_BLOCKS = YES;
				GCC_OPTIMIZATION_LEVEL = 0;
				GCC_PREPROCESSOR_DEFINITIONS = (
					"DEBUG=1",
					"$(inherited)",
				);
				GCC_WARN_64_TO_32_BIT_CONVERSION = YES;
				GCC_WARN_ABOUT_RETURN_TYPE = YES_ERROR;
				GCC_WARN_UNDECLARED_SELECTOR = YES;
				GCC_WARN_UNINITIALIZED_AUTOS = YES_AGGRESSIVE;
				GCC_WARN_UNUSED_FUNCTION = YES;
				GCC_WARN_UNUSED_VARIABLE = YES;
				MACOSX_DEPLOYMENT_TARGET = 11.3;
				MTL_ENABLE_DEBUG_INFO = INCLUDE_SOURCE;
				MTL_FAST_MATH = YES;
				ONLY_ACTIVE_ARCH = YES;
				SDKROOT = macosx;
			};
			name = Debug;
		};
		BF8CF64826F61F0400D396FD /* Release */ = {
			isa = XCBuildConfiguration;
			buildSettings = {
				ALWAYS_SEARCH_USER_PATHS = NO;
				CLANG_ANALYZER_NONNULL = YES;
				CLANG_ANALYZER_NUMBER_OBJECT_CONVERSION = YES_AGGRESSIVE;
				CLANG_CXX_LANGUAGE_STANDARD = "gnu++14";
				CLANG_CXX_LIBRARY = "libc++";
				CLANG_ENABLE_MODULES = YES;
				CLANG_ENABLE_OBJC_ARC = YES;
				CLANG_ENABLE_OBJC_WEAK = YES;
				CLANG_WARN_BLOCK_CAPTURE_AUTORELEASING = YES;
				CLANG_WARN_BOOL_CONVERSION = YES;
				CLANG_WARN_COMMA = YES;
				CLANG_WARN_CONSTANT_CONVERSION = YES;
				CLANG_WARN_DEPRECATED_OBJC_IMPLEMENTATIONS = YES;
				CLANG_WARN_DIRECT_OBJC_ISA_USAGE = YES_ERROR;
				CLANG_WARN_DOCUMENTATION_COMMENTS = YES;
				CLANG_WARN_EMPTY_BODY = YES;
				CLANG_WARN_ENUM_CONVERSION = YES;
				CLANG_WARN_INFINITE_RECURSION = YES;
				CLANG_WARN_INT_CONVERSION = YES;
				CLANG_WARN_NON_LITERAL_NULL_CONVERSION = YES;
				CLANG_WARN_OBJC_IMPLICIT_RETAIN_SELF = YES;
				CLANG_WARN_OBJC_LITERAL_CONVERSION = YES;
				CLANG_WARN_OBJC_ROOT_CLASS = YES_ERROR;
				CLANG_WARN_QUOTED_INCLUDE_IN_FRAMEWORK_HEADER = YES;
				CLANG_WARN_RANGE_LOOP_ANALYSIS = YES;
				CLANG_WARN_STRICT_PROTOTYPES = YES;
				CLANG_WARN_SUSPICIOUS_MOVE = YES;
				CLANG_WARN_UNGUARDED_AVAILABILITY = YES_AGGRESSIVE;
				CLANG_WARN_UNREACHABLE_CODE = YES;
				CLANG_WARN__DUPLICATE_METHOD_MATCH = YES;
				COPY_PHASE_STRIP = NO;
				DEBUG_INFORMATION_FORMAT = "dwarf-with-dsym";
				ENABLE_NS_ASSERTIONS = NO;
				ENABLE_STRICT_OBJC_MSGSEND = YES;
				GCC_C_LANGUAGE_STANDARD = gnu11;
				GCC_NO_COMMON_BLOCKS = YES;
				GCC_WARN_64_TO_32_BIT_CONVERSION = YES;
				GCC_WARN_ABOUT_RETURN_TYPE = YES_ERROR;
				GCC_WARN_UNDECLARED_SELECTOR = YES;
				GCC_WARN_UNINITIALIZED_AUTOS = YES_AGGRESSIVE;
				GCC_WARN_UNUSED_FUNCTION = YES;
				GCC_WARN_UNUSED_VARIABLE = YES;
				MACOSX_DEPLOYMENT_TARGET = 11.3;
				MTL_ENABLE_DEBUG_INFO = NO;
				MTL_FAST_MATH = YES;
				SDKROOT = macosx;
			};
			name = Release;
		};
		BF8CF64A26F61F0400D396FD /* Debug */ = {
			isa = XCBuildConfiguration;
			buildSettings = {
				ASSETCATALOG_COMPILER_APPICON_NAME = AppIcon;
				ASSETCATALOG_COMPILER_GLOBAL_ACCENT_COLOR_NAME = AccentColor;
				CODE_SIGN_ENTITLEMENTS = screenhook/screenhook.entitlements;
				CODE_SIGN_IDENTITY = "Apple Development";
				CODE_SIGN_STYLE = Automatic;
				COMBINE_HIDPI_IMAGES = YES;
				DEVELOPMENT_TEAM = L33QBJT48B;
				INFOPLIST_FILE = screenhook/Info.plist;
				INFOPLIST_KEY_CFBundleDisplayName = ScreenHook;
				INFOPLIST_KEY_LSApplicationCategoryType = "public.app-category.utilities";
				LD_RUNPATH_SEARCH_PATHS = (
					"$(inherited)",
					"@executable_path/../Frameworks",
				);
				PRODUCT_BUNDLE_IDENTIFIER = com.steventheworker.screenhook;
				PRODUCT_NAME = "$(TARGET_NAME)";
				PROVISIONING_PROFILE_SPECIFIER = "";
			};
			name = Debug;
		};
		BF8CF64B26F61F0400D396FD /* Release */ = {
			isa = XCBuildConfiguration;
			buildSettings = {
				ASSETCATALOG_COMPILER_APPICON_NAME = AppIcon;
				ASSETCATALOG_COMPILER_GLOBAL_ACCENT_COLOR_NAME = AccentColor;
				CODE_SIGN_ENTITLEMENTS = screenhook/screenhook.entitlements;
				CODE_SIGN_IDENTITY = "-";
				CODE_SIGN_STYLE = Automatic;
				COMBINE_HIDPI_IMAGES = YES;
				DEVELOPMENT_TEAM = L33QBJT48B;
				INFOPLIST_FILE = screenhook/Info.plist;
				INFOPLIST_KEY_CFBundleDisplayName = ScreenHook;
				INFOPLIST_KEY_LSApplicationCategoryType = "public.app-category.utilities";
				LD_RUNPATH_SEARCH_PATHS = (
					"$(inherited)",
					"@executable_path/../Frameworks",
				);
				PRODUCT_BUNDLE_IDENTIFIER = com.steventheworker.screenhook;
				PRODUCT_NAME = "$(TARGET_NAME)";
			};
			name = Release;
		};
/* End XCBuildConfiguration section */

/* Begin XCConfigurationList section */
		BF8CF63326F61F0300D396FD /* Build configuration list for PBXProject "screenhook" */ = {
			isa = XCConfigurationList;
			buildConfigurations = (
				BF8CF64726F61F0400D396FD /* Debug */,
				BF8CF64826F61F0400D396FD /* Release */,
			);
			defaultConfigurationIsVisible = 0;
			defaultConfigurationName = Release;
		};
		BF8CF64926F61F0400D396FD /* Build configuration list for PBXNativeTarget "screenhook" */ = {
			isa = XCConfigurationList;
			buildConfigurations = (
				BF8CF64A26F61F0400D396FD /* Debug */,
				BF8CF64B26F61F0400D396FD /* Release */,
			);
			defaultConfigurationIsVisible = 0;
			defaultConfigurationName = Release;
		};
/* End XCConfigurationList section */
	};
	rootObject = BF8CF63026F61F0300D396FD /* Project object */;
}
