// !$*UTF8*$!
{
	archiveVersion = 1;
	classes = {
	};
	objectVersion = 56;
	objects = {

/* Begin PBXBuildFile section */
		BF3B73FB2AE0EB3600D80555 /* AppDelegate.m in Sources */ = {isa = PBXBuildFile; fileRef = BF3B73FA2AE0EB3600D80555 /* AppDelegate.m */; };
		BF3B73FD2AE0EB3700D80555 /* Assets.xcassets in Resources */ = {isa = PBXBuildFile; fileRef = BF3B73FC2AE0EB3700D80555 /* Assets.xcassets */; };
		BF3B74002AE0EB3700D80555 /* MainMenu.xib in Resources */ = {isa = PBXBuildFile; fileRef = BF3B73FE2AE0EB3700D80555 /* MainMenu.xib */; };
		BF3B74022AE0EB3700D80555 /* main.m in Sources */ = {isa = PBXBuildFile; fileRef = BF3B74012AE0EB3700D80555 /* main.m */; };
		BF56004D2AE775CF005846CA /* Spaces.m in Sources */ = {isa = PBXBuildFile; fileRef = BF5600432AE775CF005846CA /* Spaces.m */; };
		BF56004E2AE775CF005846CA /* globals.m in Sources */ = {isa = PBXBuildFile; fileRef = BF5600442AE775CF005846CA /* globals.m */; };
		BF56004F2AE775CF005846CA /* app.m in Sources */ = {isa = PBXBuildFile; fileRef = BF5600462AE775CF005846CA /* app.m */; };
		BF5600502AE775CF005846CA /* prefs.m in Sources */ = {isa = PBXBuildFile; fileRef = BF5600492AE775CF005846CA /* prefs.m */; };
		BF5600512AE775CF005846CA /* helperLib.m in Sources */ = {isa = PBXBuildFile; fileRef = BF56004B2AE775CF005846CA /* helperLib.m */; };
		BF5600522AE775CF005846CA /* prefsWindowController.m in Sources */ = {isa = PBXBuildFile; fileRef = BF56004C2AE775CF005846CA /* prefsWindowController.m */; };
		BF5600542AE7946E005846CA /* prefs.xib in Resources */ = {isa = PBXBuildFile; fileRef = BF5600532AE7946E005846CA /* prefs.xib */; };
		BF5600562AE796A5005846CA /* MenuIcon.png in Resources */ = {isa = PBXBuildFile; fileRef = BF5600552AE796A4005846CA /* MenuIcon.png */; };
		BF5600592AE79B9A005846CA /* screenhook.sdef in Resources */ = {isa = PBXBuildFile; fileRef = BF5600582AE79B9A005846CA /* screenhook.sdef */; };
		BF56006B2AE7A708005846CA /* updateFFSidebarShowing.m in Sources */ = {isa = PBXBuildFile; fileRef = BF56006A2AE7A708005846CA /* updateFFSidebarShowing.m */; };
		E48EBADFFDBCA5C6752F7A46 /* Pods_screenhook.framework in Frameworks */ = {isa = PBXBuildFile; fileRef = ED65A1D036F690412AEB1EAB /* Pods_screenhook.framework */; };
/* End PBXBuildFile section */

/* Begin PBXFileReference section */
		BF3B73F62AE0EB3600D80555 /* screenhook.app */ = {isa = PBXFileReference; explicitFileType = wrapper.application; includeInIndex = 0; path = screenhook.app; sourceTree = BUILT_PRODUCTS_DIR; };
		BF3B73F92AE0EB3600D80555 /* AppDelegate.h */ = {isa = PBXFileReference; lastKnownFileType = sourcecode.c.h; path = AppDelegate.h; sourceTree = "<group>"; };
		BF3B73FA2AE0EB3600D80555 /* AppDelegate.m */ = {isa = PBXFileReference; lastKnownFileType = sourcecode.c.objc; path = AppDelegate.m; sourceTree = "<group>"; };
		BF3B73FC2AE0EB3700D80555 /* Assets.xcassets */ = {isa = PBXFileReference; lastKnownFileType = folder.assetcatalog; path = Assets.xcassets; sourceTree = "<group>"; };
		BF3B73FF2AE0EB3700D80555 /* Base */ = {isa = PBXFileReference; lastKnownFileType = file.xib; name = Base; path = Base.lproj/MainMenu.xib; sourceTree = "<group>"; };
		BF3B74012AE0EB3700D80555 /* main.m */ = {isa = PBXFileReference; lastKnownFileType = sourcecode.c.objc; path = main.m; sourceTree = "<group>"; };
		BF3B74032AE0EB3700D80555 /* screenhook.entitlements */ = {isa = PBXFileReference; lastKnownFileType = text.plist.entitlements; path = screenhook.entitlements; sourceTree = "<group>"; };
		BF5600412AE775CF005846CA /* app.h */ = {isa = PBXFileReference; fileEncoding = 4; lastKnownFileType = sourcecode.c.h; path = app.h; sourceTree = "<group>"; };
		BF5600422AE775CF005846CA /* Spaces.h */ = {isa = PBXFileReference; fileEncoding = 4; lastKnownFileType = sourcecode.c.h; path = Spaces.h; sourceTree = "<group>"; };
		BF5600432AE775CF005846CA /* Spaces.m */ = {isa = PBXFileReference; fileEncoding = 4; lastKnownFileType = sourcecode.c.objc; path = Spaces.m; sourceTree = "<group>"; };
		BF5600442AE775CF005846CA /* globals.m */ = {isa = PBXFileReference; fileEncoding = 4; lastKnownFileType = sourcecode.c.objc; path = globals.m; sourceTree = "<group>"; };
		BF5600452AE775CF005846CA /* globals.h */ = {isa = PBXFileReference; fileEncoding = 4; lastKnownFileType = sourcecode.c.h; path = globals.h; sourceTree = "<group>"; };
		BF5600462AE775CF005846CA /* app.m */ = {isa = PBXFileReference; fileEncoding = 4; lastKnownFileType = sourcecode.c.objc; path = app.m; sourceTree = "<group>"; };
		BF5600472AE775CF005846CA /* helperLib.h */ = {isa = PBXFileReference; fileEncoding = 4; lastKnownFileType = sourcecode.c.h; path = helperLib.h; sourceTree = "<group>"; };
		BF5600482AE775CF005846CA /* prefs.h */ = {isa = PBXFileReference; fileEncoding = 4; lastKnownFileType = sourcecode.c.h; path = prefs.h; sourceTree = "<group>"; };
		BF5600492AE775CF005846CA /* prefs.m */ = {isa = PBXFileReference; fileEncoding = 4; lastKnownFileType = sourcecode.c.objc; path = prefs.m; sourceTree = "<group>"; };
		BF56004A2AE775CF005846CA /* prefsWindowController.h */ = {isa = PBXFileReference; fileEncoding = 4; lastKnownFileType = sourcecode.c.h; path = prefsWindowController.h; sourceTree = "<group>"; };
		BF56004B2AE775CF005846CA /* helperLib.m */ = {isa = PBXFileReference; fileEncoding = 4; lastKnownFileType = sourcecode.c.objc; path = helperLib.m; sourceTree = "<group>"; };
		BF56004C2AE775CF005846CA /* prefsWindowController.m */ = {isa = PBXFileReference; fileEncoding = 4; lastKnownFileType = sourcecode.c.objc; path = prefsWindowController.m; sourceTree = "<group>"; };
		BF5600532AE7946E005846CA /* prefs.xib */ = {isa = PBXFileReference; fileEncoding = 4; lastKnownFileType = file.xib; path = prefs.xib; sourceTree = "<group>"; };
		BF5600552AE796A4005846CA /* MenuIcon.png */ = {isa = PBXFileReference; lastKnownFileType = image.png; path = MenuIcon.png; sourceTree = "<group>"; };
		BF5600572AE79B0E005846CA /* Info.plist */ = {isa = PBXFileReference; lastKnownFileType = text.plist; path = Info.plist; sourceTree = "<group>"; };
		BF5600582AE79B9A005846CA /* screenhook.sdef */ = {isa = PBXFileReference; fileEncoding = 4; lastKnownFileType = text.xml; path = screenhook.sdef; sourceTree = "<group>"; };
		BF5600692AE7A708005846CA /* updateFFSidebarShowing.h */ = {isa = PBXFileReference; lastKnownFileType = sourcecode.c.h; path = updateFFSidebarShowing.h; sourceTree = "<group>"; };
		BF56006A2AE7A708005846CA /* updateFFSidebarShowing.m */ = {isa = PBXFileReference; lastKnownFileType = sourcecode.c.objc; path = updateFFSidebarShowing.m; sourceTree = "<group>"; };
		ED65A1D036F690412AEB1EAB /* Pods_screenhook.framework */ = {isa = PBXFileReference; explicitFileType = wrapper.framework; includeInIndex = 0; path = Pods_screenhook.framework; sourceTree = BUILT_PRODUCTS_DIR; };
		F1BE4A79DE38DFC0B4CFD465 /* Pods-screenhook.release.xcconfig */ = {isa = PBXFileReference; includeInIndex = 1; lastKnownFileType = text.xcconfig; name = "Pods-screenhook.release.xcconfig"; path = "Target Support Files/Pods-screenhook/Pods-screenhook.release.xcconfig"; sourceTree = "<group>"; };
		F4C88BFC863FE312FF3EA5BC /* Pods-screenhook.debug.xcconfig */ = {isa = PBXFileReference; includeInIndex = 1; lastKnownFileType = text.xcconfig; name = "Pods-screenhook.debug.xcconfig"; path = "Target Support Files/Pods-screenhook/Pods-screenhook.debug.xcconfig"; sourceTree = "<group>"; };
/* End PBXFileReference section */

/* Begin PBXFrameworksBuildPhase section */
		BF3B73F32AE0EB3600D80555 /* Frameworks */ = {
			isa = PBXFrameworksBuildPhase;
			buildActionMask = 2147483647;
			files = (
				E48EBADFFDBCA5C6752F7A46 /* Pods_screenhook.framework in Frameworks */,
			);
			runOnlyForDeploymentPostprocessing = 0;
		};
/* End PBXFrameworksBuildPhase section */

/* Begin PBXGroup section */
		3E1FB2383953C66CDA5E9082 /* Frameworks */ = {
			isa = PBXGroup;
			children = (
				ED65A1D036F690412AEB1EAB /* Pods_screenhook.framework */,
			);
			name = Frameworks;
			sourceTree = "<group>";
		};
		BF3B73ED2AE0EB3600D80555 = {
			isa = PBXGroup;
			children = (
				BF3B73F82AE0EB3600D80555 /* screenhook */,
				BF3B73F72AE0EB3600D80555 /* Products */,
				BFB824519695A7F39AD36621 /* Pods */,
				3E1FB2383953C66CDA5E9082 /* Frameworks */,
			);
			sourceTree = "<group>";
		};
		BF3B73F72AE0EB3600D80555 /* Products */ = {
			isa = PBXGroup;
			children = (
				BF3B73F62AE0EB3600D80555 /* screenhook.app */,
			);
			name = Products;
			sourceTree = "<group>";
		};
		BF3B73F82AE0EB3600D80555 /* screenhook */ = {
			isa = PBXGroup;
			children = (
				BF5600402AE775AE005846CA /* src */,
				BF3B73F92AE0EB3600D80555 /* AppDelegate.h */,
				BF3B73FA2AE0EB3600D80555 /* AppDelegate.m */,
				BF3B74012AE0EB3700D80555 /* main.m */,
				BF3B73FC2AE0EB3700D80555 /* Assets.xcassets */,
				BF5600552AE796A4005846CA /* MenuIcon.png */,
				BF3B73FE2AE0EB3700D80555 /* MainMenu.xib */,
				BF5600532AE7946E005846CA /* prefs.xib */,
				BF3B74032AE0EB3700D80555 /* screenhook.entitlements */,
				BF5600572AE79B0E005846CA /* Info.plist */,
				BF5600582AE79B9A005846CA /* screenhook.sdef */,
			);
			path = screenhook;
			sourceTree = "<group>";
		};
		BF5600402AE775AE005846CA /* src */ = {
			isa = PBXGroup;
			children = (
				BF5600682AE7A6E7005846CA /* NSScriptCommands */,
				BF5600662AE7A640005846CA /* applescripts */,
				BF5600412AE775CF005846CA /* app.h */,
				BF5600462AE775CF005846CA /* app.m */,
				BF5600452AE775CF005846CA /* globals.h */,
				BF5600442AE775CF005846CA /* globals.m */,
				BF5600472AE775CF005846CA /* helperLib.h */,
				BF56004B2AE775CF005846CA /* helperLib.m */,
				BF5600482AE775CF005846CA /* prefs.h */,
				BF5600492AE775CF005846CA /* prefs.m */,
				BF56004A2AE775CF005846CA /* prefsWindowController.h */,
				BF56004C2AE775CF005846CA /* prefsWindowController.m */,
				BF5600422AE775CF005846CA /* Spaces.h */,
				BF5600432AE775CF005846CA /* Spaces.m */,
			);
			path = src;
			sourceTree = "<group>";
		};
		BF5600662AE7A640005846CA /* applescripts */ = {
			isa = PBXGroup;
			children = (
			);
			path = applescripts;
			sourceTree = "<group>";
		};
		BF5600682AE7A6E7005846CA /* NSScriptCommands */ = {
			isa = PBXGroup;
			children = (
				BF5600692AE7A708005846CA /* updateFFSidebarShowing.h */,
				BF56006A2AE7A708005846CA /* updateFFSidebarShowing.m */,
			);
			path = NSScriptCommands;
			sourceTree = "<group>";
		};
		BFB824519695A7F39AD36621 /* Pods */ = {
			isa = PBXGroup;
			children = (
				F4C88BFC863FE312FF3EA5BC /* Pods-screenhook.debug.xcconfig */,
				F1BE4A79DE38DFC0B4CFD465 /* Pods-screenhook.release.xcconfig */,
			);
			path = Pods;
			sourceTree = "<group>";
		};
/* End PBXGroup section */

/* Begin PBXNativeTarget section */
		BF3B73F52AE0EB3600D80555 /* screenhook */ = {
			isa = PBXNativeTarget;
			buildConfigurationList = BF3B74062AE0EB3700D80555 /* Build configuration list for PBXNativeTarget "screenhook" */;
			buildPhases = (
				5D539C641F01FC837EB72339 /* [CP] Check Pods Manifest.lock */,
				BF3B73F22AE0EB3600D80555 /* Sources */,
				BF3B73F32AE0EB3600D80555 /* Frameworks */,
				BF3B73F42AE0EB3600D80555 /* Resources */,
				89DC55728CBC4B4A9CE624B4 /* [CP] Embed Pods Frameworks */,
			);
			buildRules = (
			);
			dependencies = (
			);
			name = screenhook;
			productName = screenhook;
			productReference = BF3B73F62AE0EB3600D80555 /* screenhook.app */;
			productType = "com.apple.product-type.application";
		};
/* End PBXNativeTarget section */

/* Begin PBXProject section */
		BF3B73EE2AE0EB3600D80555 /* Project object */ = {
			isa = PBXProject;
			attributes = {
				BuildIndependentTargetsInParallel = 1;
				LastUpgradeCheck = 1500;
				TargetAttributes = {
					BF3B73F52AE0EB3600D80555 = {
						CreatedOnToolsVersion = 15.0;
					};
				};
			};
			buildConfigurationList = BF3B73F12AE0EB3600D80555 /* Build configuration list for PBXProject "screenhook" */;
			compatibilityVersion = "Xcode 14.0";
			developmentRegion = en;
			hasScannedForEncodings = 0;
			knownRegions = (
				en,
				Base,
			);
			mainGroup = BF3B73ED2AE0EB3600D80555;
			productRefGroup = BF3B73F72AE0EB3600D80555 /* Products */;
			projectDirPath = "";
			projectRoot = "";
			targets = (
				BF3B73F52AE0EB3600D80555 /* screenhook */,
			);
		};
/* End PBXProject section */

/* Begin PBXResourcesBuildPhase section */
		BF3B73F42AE0EB3600D80555 /* Resources */ = {
			isa = PBXResourcesBuildPhase;
			buildActionMask = 2147483647;
			files = (
				BF3B73FD2AE0EB3700D80555 /* Assets.xcassets in Resources */,
				BF5600592AE79B9A005846CA /* screenhook.sdef in Resources */,
				BF5600562AE796A5005846CA /* MenuIcon.png in Resources */,
				BF3B74002AE0EB3700D80555 /* MainMenu.xib in Resources */,
				BF5600542AE7946E005846CA /* prefs.xib in Resources */,
			);
			runOnlyForDeploymentPostprocessing = 0;
		};
/* End PBXResourcesBuildPhase section */

/* Begin PBXShellScriptBuildPhase section */
		5D539C641F01FC837EB72339 /* [CP] Check Pods Manifest.lock */ = {
			isa = PBXShellScriptBuildPhase;
			buildActionMask = 2147483647;
			files = (
			);
			inputFileListPaths = (
			);
			inputPaths = (
				"${PODS_PODFILE_DIR_PATH}/Podfile.lock",
				"${PODS_ROOT}/Manifest.lock",
			);
			name = "[CP] Check Pods Manifest.lock";
			outputFileListPaths = (
			);
			outputPaths = (
				"$(DERIVED_FILE_DIR)/Pods-screenhook-checkManifestLockResult.txt",
			);
			runOnlyForDeploymentPostprocessing = 0;
			shellPath = /bin/sh;
			shellScript = "diff \"${PODS_PODFILE_DIR_PATH}/Podfile.lock\" \"${PODS_ROOT}/Manifest.lock\" > /dev/null\nif [ $? != 0 ] ; then\n    # print error to STDERR\n    echo \"error: The sandbox is not in sync with the Podfile.lock. Run 'pod install' or update your CocoaPods installation.\" >&2\n    exit 1\nfi\n# This output is used by Xcode 'outputs' to avoid re-running this script phase.\necho \"SUCCESS\" > \"${SCRIPT_OUTPUT_FILE_0}\"\n";
			showEnvVarsInLog = 0;
		};
		89DC55728CBC4B4A9CE624B4 /* [CP] Embed Pods Frameworks */ = {
			isa = PBXShellScriptBuildPhase;
			buildActionMask = 2147483647;
			files = (
			);
			inputFileListPaths = (
				"${PODS_ROOT}/Target Support Files/Pods-screenhook/Pods-screenhook-frameworks-${CONFIGURATION}-input-files.xcfilelist",
			);
			name = "[CP] Embed Pods Frameworks";
			outputFileListPaths = (
				"${PODS_ROOT}/Target Support Files/Pods-screenhook/Pods-screenhook-frameworks-${CONFIGURATION}-output-files.xcfilelist",
			);
			runOnlyForDeploymentPostprocessing = 0;
			shellPath = /bin/sh;
			shellScript = "\"${PODS_ROOT}/Target Support Files/Pods-screenhook/Pods-screenhook-frameworks.sh\"\n";
			showEnvVarsInLog = 0;
		};
/* End PBXShellScriptBuildPhase section */

/* Begin PBXSourcesBuildPhase section */
		BF3B73F22AE0EB3600D80555 /* Sources */ = {
			isa = PBXSourcesBuildPhase;
			buildActionMask = 2147483647;
			files = (
				BF5600502AE775CF005846CA /* prefs.m in Sources */,
				BF56004E2AE775CF005846CA /* globals.m in Sources */,
				BF56004F2AE775CF005846CA /* app.m in Sources */,
				BF56004D2AE775CF005846CA /* Spaces.m in Sources */,
				BF5600512AE775CF005846CA /* helperLib.m in Sources */,
				BF3B74022AE0EB3700D80555 /* main.m in Sources */,
				BF5600522AE775CF005846CA /* prefsWindowController.m in Sources */,
				BF56006B2AE7A708005846CA /* updateFFSidebarShowing.m in Sources */,
				BF3B73FB2AE0EB3600D80555 /* AppDelegate.m in Sources */,
			);
			runOnlyForDeploymentPostprocessing = 0;
		};
/* End PBXSourcesBuildPhase section */

/* Begin PBXVariantGroup section */
		BF3B73FE2AE0EB3700D80555 /* MainMenu.xib */ = {
			isa = PBXVariantGroup;
			children = (
				BF3B73FF2AE0EB3700D80555 /* Base */,
			);
			name = MainMenu.xib;
			sourceTree = "<group>";
		};
/* End PBXVariantGroup section */

/* Begin XCBuildConfiguration section */
		BF3B74042AE0EB3700D80555 /* Debug */ = {
			isa = XCBuildConfiguration;
			buildSettings = {
				ALWAYS_SEARCH_USER_PATHS = NO;
				ASSETCATALOG_COMPILER_GENERATE_SWIFT_ASSET_SYMBOL_EXTENSIONS = YES;
				CLANG_ANALYZER_NONNULL = YES;
				CLANG_ANALYZER_NUMBER_OBJECT_CONVERSION = YES_AGGRESSIVE;
				CLANG_CXX_LANGUAGE_STANDARD = "gnu++20";
				CLANG_ENABLE_MODULES = YES;
				CLANG_ENABLE_OBJC_ARC = YES;
				CLANG_ENABLE_OBJC_WEAK = YES;
				CLANG_WARN_BLOCK_CAPTURE_AUTORELEASING = YES;
				CLANG_WARN_BOOL_CONVERSION = YES;
				CLANG_WARN_COMMA = YES;
				CLANG_WARN_CONSTANT_CONVERSION = YES;
				CLANG_WARN_DEPRECATED_OBJC_IMPLEMENTATIONS = YES;
				CLANG_WARN_DIRECT_OBJC_ISA_USAGE = YES_ERROR;
				CLANG_WARN_DOCUMENTATION_COMMENTS = YES;
				CLANG_WARN_EMPTY_BODY = YES;
				CLANG_WARN_ENUM_CONVERSION = YES;
				CLANG_WARN_INFINITE_RECURSION = YES;
				CLANG_WARN_INT_CONVERSION = YES;
				CLANG_WARN_NON_LITERAL_NULL_CONVERSION = YES;
				CLANG_WARN_OBJC_IMPLICIT_RETAIN_SELF = YES;
				CLANG_WARN_OBJC_LITERAL_CONVERSION = YES;
				CLANG_WARN_OBJC_ROOT_CLASS = YES_ERROR;
				CLANG_WARN_QUOTED_INCLUDE_IN_FRAMEWORK_HEADER = YES;
				CLANG_WARN_RANGE_LOOP_ANALYSIS = YES;
				CLANG_WARN_STRICT_PROTOTYPES = YES;
				CLANG_WARN_SUSPICIOUS_MOVE = YES;
				CLANG_WARN_UNGUARDED_AVAILABILITY = YES_AGGRESSIVE;
				CLANG_WARN_UNREACHABLE_CODE = YES;
				CLANG_WARN__DUPLICATE_METHOD_MATCH = YES;
				COPY_PHASE_STRIP = NO;
				DEBUG_INFORMATION_FORMAT = dwarf;
				ENABLE_STRICT_OBJC_MSGSEND = YES;
				ENABLE_TESTABILITY = YES;
				ENABLE_USER_SCRIPT_SANDBOXING = NO;
				GCC_C_LANGUAGE_STANDARD = gnu17;
				GCC_DYNAMIC_NO_PIC = NO;
				GCC_NO_COMMON_BLOCKS = YES;
				GCC_OPTIMIZATION_LEVEL = 0;
				GCC_PREPROCESSOR_DEFINITIONS = (
					"DEBUG=1",
					"$(inherited)",
				);
				GCC_WARN_64_TO_32_BIT_CONVERSION = YES;
				GCC_WARN_ABOUT_RETURN_TYPE = YES_ERROR;
				GCC_WARN_UNDECLARED_SELECTOR = YES;
				GCC_WARN_UNINITIALIZED_AUTOS = YES_AGGRESSIVE;
				GCC_WARN_UNUSED_FUNCTION = YES;
				GCC_WARN_UNUSED_VARIABLE = YES;
				LOCALIZATION_PREFERS_STRING_CATALOGS = YES;
				MACOSX_DEPLOYMENT_TARGET = 14.0;
				MTL_ENABLE_DEBUG_INFO = INCLUDE_SOURCE;
				MTL_FAST_MATH = YES;
				ONLY_ACTIVE_ARCH = YES;
				SDKROOT = macosx;
			};
			name = Debug;
		};
		BF3B74052AE0EB3700D80555 /* Release */ = {
			isa = XCBuildConfiguration;
			buildSettings = {
				ALWAYS_SEARCH_USER_PATHS = NO;
				ASSETCATALOG_COMPILER_GENERATE_SWIFT_ASSET_SYMBOL_EXTENSIONS = YES;
				CLANG_ANALYZER_NONNULL = YES;
				CLANG_ANALYZER_NUMBER_OBJECT_CONVERSION = YES_AGGRESSIVE;
				CLANG_CXX_LANGUAGE_STANDARD = "gnu++20";
				CLANG_ENABLE_MODULES = YES;
				CLANG_ENABLE_OBJC_ARC = YES;
				CLANG_ENABLE_OBJC_WEAK = YES;
				CLANG_WARN_BLOCK_CAPTURE_AUTORELEASING = YES;
				CLANG_WARN_BOOL_CONVERSION = YES;
				CLANG_WARN_COMMA = YES;
				CLANG_WARN_CONSTANT_CONVERSION = YES;
				CLANG_WARN_DEPRECATED_OBJC_IMPLEMENTATIONS = YES;
				CLANG_WARN_DIRECT_OBJC_ISA_USAGE = YES_ERROR;
				CLANG_WARN_DOCUMENTATION_COMMENTS = YES;
				CLANG_WARN_EMPTY_BODY = YES;
				CLANG_WARN_ENUM_CONVERSION = YES;
				CLANG_WARN_INFINITE_RECURSION = YES;
				CLANG_WARN_INT_CONVERSION = YES;
				CLANG_WARN_NON_LITERAL_NULL_CONVERSION = YES;
				CLANG_WARN_OBJC_IMPLICIT_RETAIN_SELF = YES;
				CLANG_WARN_OBJC_LITERAL_CONVERSION = YES;
				CLANG_WARN_OBJC_ROOT_CLASS = YES_ERROR;
				CLANG_WARN_QUOTED_INCLUDE_IN_FRAMEWORK_HEADER = YES;
				CLANG_WARN_RANGE_LOOP_ANALYSIS = YES;
				CLANG_WARN_STRICT_PROTOTYPES = YES;
				CLANG_WARN_SUSPICIOUS_MOVE = YES;
				CLANG_WARN_UNGUARDED_AVAILABILITY = YES_AGGRESSIVE;
				CLANG_WARN_UNREACHABLE_CODE = YES;
				CLANG_WARN__DUPLICATE_METHOD_MATCH = YES;
				COPY_PHASE_STRIP = NO;
				DEBUG_INFORMATION_FORMAT = "dwarf-with-dsym";
				ENABLE_NS_ASSERTIONS = NO;
				ENABLE_STRICT_OBJC_MSGSEND = YES;
				ENABLE_USER_SCRIPT_SANDBOXING = NO;
				GCC_C_LANGUAGE_STANDARD = gnu17;
				GCC_NO_COMMON_BLOCKS = YES;
				GCC_WARN_64_TO_32_BIT_CONVERSION = YES;
				GCC_WARN_ABOUT_RETURN_TYPE = YES_ERROR;
				GCC_WARN_UNDECLARED_SELECTOR = YES;
				GCC_WARN_UNINITIALIZED_AUTOS = YES_AGGRESSIVE;
				GCC_WARN_UNUSED_FUNCTION = YES;
				GCC_WARN_UNUSED_VARIABLE = YES;
				LOCALIZATION_PREFERS_STRING_CATALOGS = YES;
				MACOSX_DEPLOYMENT_TARGET = 14.0;
				MTL_ENABLE_DEBUG_INFO = NO;
				MTL_FAST_MATH = YES;
				SDKROOT = macosx;
			};
			name = Release;
		};
		BF3B74072AE0EB3700D80555 /* Debug */ = {
			isa = XCBuildConfiguration;
			baseConfigurationReference = F4C88BFC863FE312FF3EA5BC /* Pods-screenhook.debug.xcconfig */;
			buildSettings = {
				ASSETCATALOG_COMPILER_APPICON_NAME = AppIcon;
				ASSETCATALOG_COMPILER_GLOBAL_ACCENT_COLOR_NAME = AccentColor;
				CODE_SIGN_ENTITLEMENTS = screenhook/screenhook.entitlements;
				CODE_SIGN_STYLE = Automatic;
				COMBINE_HIDPI_IMAGES = YES;
				CURRENT_PROJECT_VERSION = 1;
				DEVELOPMENT_TEAM = L33QBJT48B;
				ENABLE_HARDENED_RUNTIME = YES;
				ENABLE_USER_SCRIPT_SANDBOXING = NO;
				GENERATE_INFOPLIST_FILE = YES;
				INFOPLIST_FILE = screenhook/Info.plist;
				INFOPLIST_KEY_LSApplicationCategoryType = "public.app-category.productivity";
				INFOPLIST_KEY_LSUIElement = YES;
				INFOPLIST_KEY_NSAppleEventsUsageDescription = "$(PRODUCT_NAME) needs to control System Events";
				INFOPLIST_KEY_NSHumanReadableCopyright = "";
				INFOPLIST_KEY_NSMainNibFile = MainMenu;
				INFOPLIST_KEY_NSPrincipalClass = NSApplication;
				LD_RUNPATH_SEARCH_PATHS = (
					"$(inherited)",
					"@executable_path/../Frameworks",
				);
				MACOSX_DEPLOYMENT_TARGET = 11.2;
				MARKETING_VERSION = 1.0;
				PRODUCT_BUNDLE_IDENTIFIER = com.steventheworker.screenhook;
				PRODUCT_NAME = "$(TARGET_NAME)";
				SWIFT_EMIT_LOC_STRINGS = YES;
			};
			name = Debug;
		};
		BF3B74082AE0EB3700D80555 /* Release */ = {
			isa = XCBuildConfiguration;
			baseConfigurationReference = F1BE4A79DE38DFC0B4CFD465 /* Pods-screenhook.release.xcconfig */;
			buildSettings = {
				ASSETCATALOG_COMPILER_APPICON_NAME = AppIcon;
				ASSETCATALOG_COMPILER_GLOBAL_ACCENT_COLOR_NAME = AccentColor;
				CODE_SIGN_ENTITLEMENTS = screenhook/screenhook.entitlements;
				CODE_SIGN_STYLE = Automatic;
				COMBINE_HIDPI_IMAGES = YES;
				CURRENT_PROJECT_VERSION = 1;
				DEVELOPMENT_TEAM = L33QBJT48B;
				ENABLE_HARDENED_RUNTIME = YES;
				ENABLE_USER_SCRIPT_SANDBOXING = NO;
				GENERATE_INFOPLIST_FILE = YES;
				INFOPLIST_FILE = screenhook/Info.plist;
				INFOPLIST_KEY_LSApplicationCategoryType = "public.app-category.productivity";
				INFOPLIST_KEY_LSUIElement = YES;
				INFOPLIST_KEY_NSAppleEventsUsageDescription = "$(PRODUCT_NAME) needs to control System Events";
				INFOPLIST_KEY_NSHumanReadableCopyright = "";
				INFOPLIST_KEY_NSMainNibFile = MainMenu;
				INFOPLIST_KEY_NSPrincipalClass = NSApplication;
				LD_RUNPATH_SEARCH_PATHS = (
					"$(inherited)",
					"@executable_path/../Frameworks",
				);
				MACOSX_DEPLOYMENT_TARGET = 11.2;
				MARKETING_VERSION = 1.0;
				PRODUCT_BUNDLE_IDENTIFIER = com.steventheworker.screenhook;
				PRODUCT_NAME = "$(TARGET_NAME)";
				SWIFT_EMIT_LOC_STRINGS = YES;
			};
			name = Release;
		};
/* End XCBuildConfiguration section */

/* Begin XCConfigurationList section */
		BF3B73F12AE0EB3600D80555 /* Build configuration list for PBXProject "screenhook" */ = {
			isa = XCConfigurationList;
			buildConfigurations = (
				BF3B74042AE0EB3700D80555 /* Debug */,
				BF3B74052AE0EB3700D80555 /* Release */,
			);
			defaultConfigurationIsVisible = 0;
			defaultConfigurationName = Release;
		};
		BF3B74062AE0EB3700D80555 /* Build configuration list for PBXNativeTarget "screenhook" */ = {
			isa = XCConfigurationList;
			buildConfigurations = (
				BF3B74072AE0EB3700D80555 /* Debug */,
				BF3B74082AE0EB3700D80555 /* Release */,
			);
			defaultConfigurationIsVisible = 0;
			defaultConfigurationName = Release;
		};
/* End XCConfigurationList section */
	};
	rootObject = BF3B73EE2AE0EB3600D80555 /* Project object */;
}
